
Microsoft Visual Studio Solution File, Format Version 12.00
# Visual Studio Version 16
VisualStudioVersion = 16.0.30309.148
MinimumVisualStudioVersion = 10.0.40219.1
Project("{9A19103F-16F7-4668-BE54-9A1E7A4F7556}") = "Gateway", "Gateway\Gateway.csproj", "{A7778685-6D9A-4628-84C7-D8310208EDFA}"
EndProject
Project("{9A19103F-16F7-4668-BE54-9A1E7A4F7556}") = "TG.Domain", "TG.Domain\TG.Domain.csproj", "{BE6A5EAD-6689-49C3-8E5A-75172B970750}"
EndProject
Project("{9A19103F-16F7-4668-BE54-9A1E7A4F7556}") = "TG.Infrastructure", "TG.Infrastructure\TG.Infrastructure.csproj", "{56546DBE-47DE-4AF0-930A-4E387EA04CA9}"
EndProject
Project("{9A19103F-16F7-4668-BE54-9A1E7A4F7556}") = "TG.Application", "TG.Application\TG.Application.csproj", "{A0AB349B-160E-4A05-BED7-6F019866E95C}"
EndProject
Project("{9A19103F-16F7-4668-BE54-9A1E7A4F7556}") = "TG.Application.Test", "TG.Application.Test\TG.Application.Test.csproj", "{0E51FD2A-5C9D-4F04-BB69-9FC65DB04BB5}"
EndProject
Global
	GlobalSection(SolutionConfigurationPlatforms) = preSolution
		Debug|Any CPU = Debug|Any CPU
		Release|Any CPU = Release|Any CPU
	EndGlobalSection
	GlobalSection(ProjectConfigurationPlatforms) = postSolution
		{A7778685-6D9A-4628-84C7-D8310208EDFA}.Debug|Any CPU.ActiveCfg = Debug|Any CPU
		{A7778685-6D9A-4628-84C7-D8310208EDFA}.Debug|Any CPU.Build.0 = Debug|Any CPU
		{A7778685-6D9A-4628-84C7-D8310208EDFA}.Release|Any CPU.ActiveCfg = Release|Any CPU
		{A7778685-6D9A-4628-84C7-D8310208EDFA}.Release|Any CPU.Build.0 = Release|Any CPU
		{BE6A5EAD-6689-49C3-8E5A-75172B970750}.Debug|Any CPU.ActiveCfg = Debug|Any CPU
		{BE6A5EAD-6689-49C3-8E5A-75172B970750}.Debug|Any CPU.Build.0 = Debug|Any CPU
		{BE6A5EAD-6689-49C3-8E5A-75172B970750}.Release|Any CPU.ActiveCfg = Release|Any CPU
		{BE6A5EAD-6689-49C3-8E5A-75172B970750}.Release|Any CPU.Build.0 = Release|Any CPU
		{56546DBE-47DE-4AF0-930A-4E387EA04CA9}.Debug|Any CPU.ActiveCfg = Debug|Any CPU
		{56546DBE-47DE-4AF0-930A-4E387EA04CA9}.Debug|Any CPU.Build.0 = Debug|Any CPU
		{56546DBE-47DE-4AF0-930A-4E387EA04CA9}.Release|Any CPU.ActiveCfg = Release|Any CPU
		{56546DBE-47DE-4AF0-930A-4E387EA04CA9}.Release|Any CPU.Build.0 = Release|Any CPU
		{A0AB349B-160E-4A05-BED7-6F019866E95C}.Debug|Any CPU.ActiveCfg = Debug|Any CPU
		{A0AB349B-160E-4A05-BED7-6F019866E95C}.Debug|Any CPU.Build.0 = Debug|Any CPU
		{A0AB349B-160E-4A05-BED7-6F019866E95C}.Release|Any CPU.ActiveCfg = Release|Any CPU
		{A0AB349B-160E-4A05-BED7-6F019866E95C}.Release|Any CPU.Build.0 = Release|Any CPU
		{0E51FD2A-5C9D-4F04-BB69-9FC65DB04BB5}.Debug|Any CPU.ActiveCfg = Debug|Any CPU
		{0E51FD2A-5C9D-4F04-BB69-9FC65DB04BB5}.Debug|Any CPU.Build.0 = Debug|Any CPU
		{0E51FD2A-5C9D-4F04-BB69-9FC65DB04BB5}.Release|Any CPU.ActiveCfg = Release|Any CPU
		{0E51FD2A-5C9D-4F04-BB69-9FC65DB04BB5}.Release|Any CPU.Build.0 = Release|Any CPU
	EndGlobalSection
	GlobalSection(SolutionProperties) = preSolution
		HideSolutionNode = FALSE
	EndGlobalSection
	GlobalSection(ExtensibilityGlobals) = postSolution
		SolutionGuid = {D61A19D7-5499-43E0-90D1-F300ACF950CC}
	EndGlobalSection
EndGlobal
